
Microsoft Visual Studio Solution File, Format Version 12.00
Project("{FAE04EC0-301F-11D3-BF4B-00C04F79EFBC}") = "pORM.Core", "src\pORM.Core\pORM.Core.csproj", "{6C70143B-9186-439A-A4C7-F179766649B7}"
EndProject
Project("{FAE04EC0-301F-11D3-BF4B-00C04F79EFBC}") = "pORM.Mapping", "src\pORM.Mapping\pORM.Mapping.csproj", "{A62D2BF8-5D35-4AD7-A4B2-53FCBF74BE61}"
EndProject
Project("{FAE04EC0-301F-11D3-BF4B-00C04F79EFBC}") = "pORm.Data", "src\pORm.Data\pORm.Data.csproj", "{571C3FE2-948F-424E-9F25-EF8CB31013F1}"
EndProject
Project("{FAE04EC0-301F-11D3-BF4B-00C04F79EFBC}") = "pORM.Extensions", "src\pORM.Extensions\pORM.Extensions.csproj", "{47E0C761-A38D-48B9-8B3F-025C74BF078F}"
EndProject
Project("{FAE04EC0-301F-11D3-BF4B-00C04F79EFBC}") = "pORM.Tests", "tests\pORM.Tests\pORM.Tests.csproj", "{F3D33C70-BFFA-4A1C-B4B5-2502022E4EAB}"
EndProject
Project("{2150E333-8FDC-42A3-9474-1A3956D46DE8}") = "src", "src", "{0E2E5310-D45E-45A8-833F-4B3FAC6521B5}"
EndProject
Project("{2150E333-8FDC-42A3-9474-1A3956D46DE8}") = "tests", "tests", "{58992FD5-43FC-4571-924E-D4EBC5CCD893}"
EndProject
Project("{2150E333-8FDC-42A3-9474-1A3956D46DE8}") = "samples", "samples", "{02D4F9A1-569F-4F1A-9991-AD4C2F255AEF}"
EndProject
Project("{FAE04EC0-301F-11D3-BF4B-00C04F79EFBC}") = "ConsoleApp.Sample", "samples\ConsoleApp.Sample\ConsoleApp.Sample.csproj", "{D2864E58-4173-4988-AB69-7CCF021B6777}"
EndProject
Global
	GlobalSection(SolutionConfigurationPlatforms) = preSolution
		Debug|Any CPU = Debug|Any CPU
		Release|Any CPU = Release|Any CPU
	EndGlobalSection
	GlobalSection(ProjectConfigurationPlatforms) = postSolution
		{6C70143B-9186-439A-A4C7-F179766649B7}.Debug|Any CPU.ActiveCfg = Debug|Any CPU
		{6C70143B-9186-439A-A4C7-F179766649B7}.Debug|Any CPU.Build.0 = Debug|Any CPU
		{6C70143B-9186-439A-A4C7-F179766649B7}.Release|Any CPU.ActiveCfg = Release|Any CPU
		{6C70143B-9186-439A-A4C7-F179766649B7}.Release|Any CPU.Build.0 = Release|Any CPU
		{A62D2BF8-5D35-4AD7-A4B2-53FCBF74BE61}.Debug|Any CPU.ActiveCfg = Debug|Any CPU
		{A62D2BF8-5D35-4AD7-A4B2-53FCBF74BE61}.Debug|Any CPU.Build.0 = Debug|Any CPU
		{A62D2BF8-5D35-4AD7-A4B2-53FCBF74BE61}.Release|Any CPU.ActiveCfg = Release|Any CPU
		{A62D2BF8-5D35-4AD7-A4B2-53FCBF74BE61}.Release|Any CPU.Build.0 = Release|Any CPU
		{571C3FE2-948F-424E-9F25-EF8CB31013F1}.Debug|Any CPU.ActiveCfg = Debug|Any CPU
		{571C3FE2-948F-424E-9F25-EF8CB31013F1}.Debug|Any CPU.Build.0 = Debug|Any CPU
		{571C3FE2-948F-424E-9F25-EF8CB31013F1}.Release|Any CPU.ActiveCfg = Release|Any CPU
		{571C3FE2-948F-424E-9F25-EF8CB31013F1}.Release|Any CPU.Build.0 = Release|Any CPU
		{47E0C761-A38D-48B9-8B3F-025C74BF078F}.Debug|Any CPU.ActiveCfg = Debug|Any CPU
		{47E0C761-A38D-48B9-8B3F-025C74BF078F}.Debug|Any CPU.Build.0 = Debug|Any CPU
		{47E0C761-A38D-48B9-8B3F-025C74BF078F}.Release|Any CPU.ActiveCfg = Release|Any CPU
		{47E0C761-A38D-48B9-8B3F-025C74BF078F}.Release|Any CPU.Build.0 = Release|Any CPU
		{F3D33C70-BFFA-4A1C-B4B5-2502022E4EAB}.Debug|Any CPU.ActiveCfg = Debug|Any CPU
		{F3D33C70-BFFA-4A1C-B4B5-2502022E4EAB}.Debug|Any CPU.Build.0 = Debug|Any CPU
		{F3D33C70-BFFA-4A1C-B4B5-2502022E4EAB}.Release|Any CPU.ActiveCfg = Release|Any CPU
		{F3D33C70-BFFA-4A1C-B4B5-2502022E4EAB}.Release|Any CPU.Build.0 = Release|Any CPU
		{D2864E58-4173-4988-AB69-7CCF021B6777}.Debug|Any CPU.ActiveCfg = Debug|Any CPU
		{D2864E58-4173-4988-AB69-7CCF021B6777}.Debug|Any CPU.Build.0 = Debug|Any CPU
		{D2864E58-4173-4988-AB69-7CCF021B6777}.Release|Any CPU.ActiveCfg = Release|Any CPU
		{D2864E58-4173-4988-AB69-7CCF021B6777}.Release|Any CPU.Build.0 = Release|Any CPU
	EndGlobalSection
	GlobalSection(NestedProjects) = preSolution
		{6C70143B-9186-439A-A4C7-F179766649B7} = {0E2E5310-D45E-45A8-833F-4B3FAC6521B5}
		{571C3FE2-948F-424E-9F25-EF8CB31013F1} = {0E2E5310-D45E-45A8-833F-4B3FAC6521B5}
		{47E0C761-A38D-48B9-8B3F-025C74BF078F} = {0E2E5310-D45E-45A8-833F-4B3FAC6521B5}
		{A62D2BF8-5D35-4AD7-A4B2-53FCBF74BE61} = {0E2E5310-D45E-45A8-833F-4B3FAC6521B5}
		{F3D33C70-BFFA-4A1C-B4B5-2502022E4EAB} = {58992FD5-43FC-4571-924E-D4EBC5CCD893}
		{D2864E58-4173-4988-AB69-7CCF021B6777} = {02D4F9A1-569F-4F1A-9991-AD4C2F255AEF}
	EndGlobalSection
EndGlobal
